{
  "nodes": {
    "extersia": {
      "inputs": {
        "nixpkgs": "nixpkgs"
      },
      "locked": {
        "path": "../.",
        "type": "path"
      },
      "original": {
        "path": "../.",
        "type": "path"
      },
      "parent": []
    },
    "flake-utils": {
      "inputs": {
        "systems": "systems"
      },
      "locked": {
        "lastModified": 1731533236,
        "narHash": "sha256-l0KFg5HjrsfsO/JpG+r7fRrqm12kzFHyUHqHCVpMMbI=",
        "owner": "numtide",
        "repo": "flake-utils",
        "rev": "11707dc2f618dd54ca8739b309ec4fc024de578b",
        "type": "github"
      },
      "original": {
        "owner": "numtide",
        "repo": "flake-utils",
        "type": "github"
      }
    },
    "ixx": {
      "inputs": {
        "flake-utils": [
          "nuscht-search",
          "flake-utils"
        ],
        "nixpkgs": [
          "nuscht-search",
          "nixpkgs"
        ]
      },
      "locked": {
        "lastModified": 1781955583,
        "narHash": "sha256-qJjGESnkXp1No6QyI9BjtEHstwtZE8zqLuIBwxE1ugI=",
        "owner": "NuschtOS",
        "repo": "ixx",
        "rev": "86a7f2126da859b62d68378e90a052655fa8da01",
        "type": "github"
      },
      "original": {
        "owner": "NuschtOS",
        "ref": "v0.2.3",
        "repo": "ixx",
        "type": "github"
      }
    },
    "nix-index-database": {
      "inputs": {
        "nixpkgs": [
          "nuscht-search",
          "nixpkgs"
        ]
      },
      "locked": {
        "lastModified": 1782636943,
        "narHash": "sha256-ripjZa7BBLwL1uS5VJF3s/VpZpWt5ZIQEvkJ/FJNpQw=",
        "owner": "Mic92",
        "repo": "nix-index-database",
        "rev": "058b1f9381fa79fcda49982370a750ff92dbba43",
        "type": "github"
      },
      "original": {
        "owner": "Mic92",
        "repo": "nix-index-database",
        "type": "github"
      }
    },
    "nixpkgs": {
      "locked": {
        "lastModified": 1787964612,
        "narHash": "sha256-qeiZaY+0tpZXliRA9odCNx+sOfIOhnkcUq9t+ctPrRA=",
        "rev": "e8be7818e19ada32105a8af937a6a473b38167ca",
        "type": "tarball",
        "url": "https://releases.nixos.org/nixpkgs/nixpkgs-26.11pre1063758.e8be7818e19a/nixexprs.tar.zst?lastModified=1787964612&rev=e8be7818e19ada32105a8af937a6a473b38167ca"
      },
      "original": {
        "type": "tarball",
        "url": "https://channels.nixos.org/nixpkgs-unstable/nixexprs.tar.zst"
      }
    },
    "nixpkgs_2": {
      "locked": {
        "lastModified": 1788039129,
        "narHash": "sha256-pa4Q0qErvCvzCaaUph7Sm37RhR4xvPrYI8Lgz6k85+A=",
        "owner": "NixOS",
        "repo": "nixpkgs",
        "rev": "d2f67949798825fe853f7c5d0492b8bf016d3f88",
        "type": "github"
      },
      "original": {
        "owner": "NixOS",
        "ref": "nixos-unstable",
        "repo": "nixpkgs",
        "type": "github"
      }
    },
    "nuscht-search": {
      "inputs": {
        "flake-utils": "flake-utils",
        "ixx": "ixx",
        "nix-index-database": "nix-index-database",
        "nixpkgs": [
          "nixpkgs"
        ]
      },
      "locked": {
        "lastModified": 1787335248,
        "narHash": "sha256-ZTBqKUGK+3lya+XWgS3XmqF+Hl7nbC2iLg5bgrqG2Eg=",
        "owner": "NuschtOS",
        "repo": "search",
        "rev": "fdf7b70e332f918ccf34f4e4a5a47a8c718ea1a9",
        "type": "github"
      },
      "original": {
        "owner": "NuschtOS",
        "repo": "search",
        "type": "github"
      }
    },
    "root": {
      "inputs": {
        "extersia": "extersia",
        "nixpkgs": "nixpkgs_2",
        "nuscht-search": "nuscht-search"
      }
    },
    "systems": {
      "locked": {
        "lastModified": 1681028828,
        "narHash": "sha256-Vy1rq5AaRuLzOxct8nz4T6wlgyUR7zLU309k9mBC768=",
        "owner": "nix-systems",
        "repo": "default",
        "rev": "da67096a3b9bf56a91d16901293e51ba5b49a27e",
        "type": "github"
      },
      "original": {
        "owner": "nix-systems",
        "repo": "default",
        "type": "github"
      }
    }
  },
  "root": "root",
  "version": 7
}
